
Microsoft Visual Studio Solution File, Format Version 12.00
# Visual Studio Version 17
VisualStudioVersion = 17.1.32319.34
MinimumVisualStudioVersion = 10.0.40219.1
Project("{9A19103F-16F7-4668-BE54-9A1E7A4F7556}") = "Entities", "..\Entities\Entities.csproj", "{380BDFE2-57EC-4BE7-923D-07F14E5A7A46}"
EndProject
Project("{9A19103F-16F7-4668-BE54-9A1E7A4F7556}") = "Repository", "..\Repository\Repository.csproj", "{43294AB7-41BB-4B04-AA2C-261F7DA149E0}"
EndProject
Project("{9A19103F-16F7-4668-BE54-9A1E7A4F7556}") = "Contracts", "..\Contracts\Contracts.csproj", "{24CC4F4A-588E-46AB-853A-3B2060F08C6B}"
EndProject
Project("{9A19103F-16F7-4668-BE54-9A1E7A4F7556}") = "LoggerService", "..\LoggerService\LoggerService.csproj", "{2F670053-5092-426F-A02E-D9A25DEEA22B}"
EndProject
Project("{FAE04EC0-301F-11D3-BF4B-00C04F79EFBC}") = "VMLM.WEBAPI", "..\VMLM.WEBAPI\VMLM.WEBAPI.csproj", "{28236166-6342-4636-B087-4FD7FE73756E}"
EndProject
Global
	GlobalSection(SolutionConfigurationPlatforms) = preSolution
		Debug|Any CPU = Debug|Any CPU
		Release|Any CPU = Release|Any CPU
	EndGlobalSection
	GlobalSection(ProjectConfigurationPlatforms) = postSolution
		{380BDFE2-57EC-4BE7-923D-07F14E5A7A46}.Debug|Any CPU.ActiveCfg = Debug|Any CPU
		{380BDFE2-57EC-4BE7-923D-07F14E5A7A46}.Debug|Any CPU.Build.0 = Debug|Any CPU
		{380BDFE2-57EC-4BE7-923D-07F14E5A7A46}.Release|Any CPU.ActiveCfg = Release|Any CPU
		{380BDFE2-57EC-4BE7-923D-07F14E5A7A46}.Release|Any CPU.Build.0 = Release|Any CPU
		{43294AB7-41BB-4B04-AA2C-261F7DA149E0}.Debug|Any CPU.ActiveCfg = Debug|Any CPU
		{43294AB7-41BB-4B04-AA2C-261F7DA149E0}.Debug|Any CPU.Build.0 = Debug|Any CPU
		{43294AB7-41BB-4B04-AA2C-261F7DA149E0}.Release|Any CPU.ActiveCfg = Release|Any CPU
		{43294AB7-41BB-4B04-AA2C-261F7DA149E0}.Release|Any CPU.Build.0 = Release|Any CPU
		{24CC4F4A-588E-46AB-853A-3B2060F08C6B}.Debug|Any CPU.ActiveCfg = Debug|Any CPU
		{24CC4F4A-588E-46AB-853A-3B2060F08C6B}.Debug|Any CPU.Build.0 = Debug|Any CPU
		{24CC4F4A-588E-46AB-853A-3B2060F08C6B}.Release|Any CPU.ActiveCfg = Release|Any CPU
		{24CC4F4A-588E-46AB-853A-3B2060F08C6B}.Release|Any CPU.Build.0 = Release|Any CPU
		{2F670053-5092-426F-A02E-D9A25DEEA22B}.Debug|Any CPU.ActiveCfg = Debug|Any CPU
		{2F670053-5092-426F-A02E-D9A25DEEA22B}.Debug|Any CPU.Build.0 = Debug|Any CPU
		{2F670053-5092-426F-A02E-D9A25DEEA22B}.Release|Any CPU.ActiveCfg = Release|Any CPU
		{2F670053-5092-426F-A02E-D9A25DEEA22B}.Release|Any CPU.Build.0 = Release|Any CPU
		{28236166-6342-4636-B087-4FD7FE73756E}.Debug|Any CPU.ActiveCfg = Debug|Any CPU
		{28236166-6342-4636-B087-4FD7FE73756E}.Debug|Any CPU.Build.0 = Debug|Any CPU
		{28236166-6342-4636-B087-4FD7FE73756E}.Release|Any CPU.ActiveCfg = Release|Any CPU
		{28236166-6342-4636-B087-4FD7FE73756E}.Release|Any CPU.Build.0 = Release|Any CPU
	EndGlobalSection
	GlobalSection(SolutionProperties) = preSolution
		HideSolutionNode = FALSE
	EndGlobalSection
	GlobalSection(ExtensibilityGlobals) = postSolution
		SolutionGuid = {9930794A-A28B-4480-A10B-2D714D4B87B9}
	EndGlobalSection
EndGlobal
